// !$*UTF8*$!
{
	archiveVersion = 1;
	classes = {
	};
	objectVersion = 50;
	objects = {

/* Begin PBXBuildFile section */
		294F8929210652BB00EF50F1 /* AppDelegate.swift in Sources */ = {isa = PBXBuildFile; fileRef = 294F8928210652BB00EF50F1 /* AppDelegate.swift */; };
		294F892B210652BB00EF50F1 /* ViewController.swift in Sources */ = {isa = PBXBuildFile; fileRef = 294F892A210652BB00EF50F1 /* ViewController.swift */; };
		294F892E210652BB00EF50F1 /* Main.storyboard in Resources */ = {isa = PBXBuildFile; fileRef = 294F892C210652BB00EF50F1 /* Main.storyboard */; };
		294F8930210652BC00EF50F1 /* Assets.xcassets in Resources */ = {isa = PBXBuildFile; fileRef = 294F892F210652BC00EF50F1 /* Assets.xcassets */; };
		294F8933210652BC00EF50F1 /* LaunchScreen.storyboard in Resources */ = {isa = PBXBuildFile; fileRef = 294F8931210652BC00EF50F1 /* LaunchScreen.storyboard */; };
		294F893E210652BC00EF50F1 /* SwiftAppTests.swift in Sources */ = {isa = PBXBuildFile; fileRef = 294F893D210652BC00EF50F1 /* SwiftAppTests.swift */; };
		294F8949210652BC00EF50F1 /* SwiftAppUITests.swift in Sources */ = {isa = PBXBuildFile; fileRef = 294F8948210652BC00EF50F1 /* SwiftAppUITests.swift */; };
/* End PBXBuildFile section */

/* Begin PBXContainerItemProxy section */
		294F893A210652BC00EF50F1 /* PBXContainerItemProxy */ = {
			isa = PBXContainerItemProxy;
			containerPortal = 294F891D210652BB00EF50F1 /* Project object */;
			proxyType = 1;
			remoteGlobalIDString = 294F8924210652BB00EF50F1;
			remoteInfo = SwiftApp;
		};
		294F8945210652BC00EF50F1 /* PBXContainerItemProxy */ = {
			isa = PBXContainerItemProxy;
			containerPortal = 294F891D210652BB00EF50F1 /* Project object */;
			proxyType = 1;
			remoteGlobalIDString = 294F8924210652BB00EF50F1;
			remoteInfo = SwiftApp;
		};
/* End PBXContainerItemProxy section */

/* Begin PBXFileReference section */
		294F8925210652BB00EF50F1 /* SwiftApp.app */ = {isa = PBXFileReference; explicitFileType = wrapper.application; includeInIndex = 0; path = SwiftApp.app; sourceTree = BUILT_PRODUCTS_DIR; };
		294F8928210652BB00EF50F1 /* AppDelegate.swift */ = {isa = PBXFileReference; lastKnownFileType = sourcecode.swift; path = AppDelegate.swift; sourceTree = "<group>"; };
		294F892A210652BB00EF50F1 /* ViewController.swift */ = {isa = PBXFileReference; lastKnownFileType = sourcecode.swift; path = ViewController.swift; sourceTree = "<group>"; };
		294F892D210652BB00EF50F1 /* Base */ = {isa = PBXFileReference; lastKnownFileType = file.storyboard; name = Base; path = Base.lproj/Main.storyboard; sourceTree = "<group>"; };
		294F892F210652BC00EF50F1 /* Assets.xcassets */ = {isa = PBXFileReference; lastKnownFileType = folder.assetcatalog; path = Assets.xcassets; sourceTree = "<group>"; };
		294F8932210652BC00EF50F1 /* Base */ = {isa = PBXFileReference; lastKnownFileType = file.storyboard; name = Base; path = Base.lproj/LaunchScreen.storyboard; sourceTree = "<group>"; };
		294F8934210652BC00EF50F1 /* Info.plist */ = {isa = PBXFileReference; lastKnownFileType = text.plist.xml; path = Info.plist; sourceTree = "<group>"; };
		294F8939210652BC00EF50F1 /* SwiftAppTests.xctest */ = {isa = PBXFileReference; explicitFileType = wrapper.cfbundle; includeInIndex = 0; path = SwiftAppTests.xctest; sourceTree = BUILT_PRODUCTS_DIR; };
		294F893D210652BC00EF50F1 /* SwiftAppTests.swift */ = {isa = PBXFileReference; lastKnownFileType = sourcecode.swift; path = SwiftAppTests.swift; sourceTree = "<group>"; };
		294F893F210652BC00EF50F1 /* Info.plist */ = {isa = PBXFileReference; lastKnownFileType = text.plist.xml; path = Info.plist; sourceTree = "<group>"; };
		294F8944210652BC00EF50F1 /* SwiftAppUITests.xctest */ = {isa = PBXFileReference; explicitFileType = wrapper.cfbundle; includeInIndex = 0; path = SwiftAppUITests.xctest; sourceTree = BUILT_PRODUCTS_DIR; };
		294F8948210652BC00EF50F1 /* SwiftAppUITests.swift */ = {isa = PBXFileReference; lastKnownFileType = sourcecode.swift; path = SwiftAppUITests.swift; sourceTree = "<group>"; };
		294F894A210652BC00EF50F1 /* Info.plist */ = {isa = PBXFileReference; lastKnownFileType = text.plist.xml; path = Info.plist; sourceTree = "<group>"; };
/* End PBXFileReference section */

/* Begin PBXFrameworksBuildPhase section */
		294F8922210652BB00EF50F1 /* Frameworks */ = {
			isa = PBXFrameworksBuildPhase;
			buildActionMask = 2147483647;
			files = (
			);
			runOnlyForDeploymentPostprocessing = 0;
		};
		294F8936210652BC00EF50F1 /* Frameworks */ = {
			isa = PBXFrameworksBuildPhase;
			buildActionMask = 2147483647;
			files = (
			);
			runOnlyForDeploymentPostprocessing = 0;
		};
		294F8941210652BC00EF50F1 /* Frameworks */ = {
			isa = PBXFrameworksBuildPhase;
			buildActionMask = 2147483647;
			files = (
			);
			runOnlyForDeploymentPostprocessing = 0;
		};
/* End PBXFrameworksBuildPhase section */

/* Begin PBXGroup section */
		294F891C210652BB00EF50F1 = {
			isa = PBXGroup;
			children = (
				294F8927210652BB00EF50F1 /* SwiftApp */,
				294F893C210652BC00EF50F1 /* SwiftAppTests */,
				294F8947210652BC00EF50F1 /* SwiftAppUITests */,
				294F8926210652BB00EF50F1 /* Products */,
			);
			sourceTree = "<group>";
		};
		294F8926210652BB00EF50F1 /* Products */ = {
			isa = PBXGroup;
			children = (
				294F8925210652BB00EF50F1 /* SwiftApp.app */,
				294F8939210652BC00EF50F1 /* SwiftAppTests.xctest */,
				294F8944210652BC00EF50F1 /* SwiftAppUITests.xctest */,
			);
			name = Products;
			sourceTree = "<group>";
		};
		294F8927210652BB00EF50F1 /* SwiftApp */ = {
			isa = PBXGroup;
			children = (
				294F8928210652BB00EF50F1 /* AppDelegate.swift */,
				294F892A210652BB00EF50F1 /* ViewController.swift */,
				294F892C210652BB00EF50F1 /* Main.storyboard */,
				294F892F210652BC00EF50F1 /* Assets.xcassets */,
				294F8931210652BC00EF50F1 /* LaunchScreen.storyboard */,
				294F8934210652BC00EF50F1 /* Info.plist */,
			);
			path = SwiftApp;
			sourceTree = "<group>";
		};
		294F893C210652BC00EF50F1 /* SwiftAppTests */ = {
			isa = PBXGroup;
			children = (
				294F893D210652BC00EF50F1 /* SwiftAppTests.swift */,
				294F893F210652BC00EF50F1 /* Info.plist */,
			);
			path = SwiftAppTests;
			sourceTree = "<group>";
		};
		294F8947210652BC00EF50F1 /* SwiftAppUITests */ = {
			isa = PBXGroup;
			children = (
				294F8948210652BC00EF50F1 /* SwiftAppUITests.swift */,
				294F894A210652BC00EF50F1 /* Info.plist */,
			);
			path = SwiftAppUITests;
			sourceTree = "<group>";
		};
/* End PBXGroup section */

/* Begin PBXNativeTarget section */
		294F8924210652BB00EF50F1 /* SwiftApp */ = {
			isa = PBXNativeTarget;
			buildConfigurationList = 294F894D210652BC00EF50F1 /* Build configuration list for PBXNativeTarget "SwiftApp" */;
			buildPhases = (
				294F8921210652BB00EF50F1 /* Sources */,
				294F8922210652BB00EF50F1 /* Frameworks */,
				294F8923210652BB00EF50F1 /* Resources */,
			);
			buildRules = (
			);
			dependencies = (
			);
			name = SwiftApp;
			productName = SwiftApp;
			productReference = 294F8925210652BB00EF50F1 /* SwiftApp.app */;
			productType = "com.apple.product-type.application";
		};
		294F8938210652BC00EF50F1 /* SwiftAppTests */ = {
			isa = PBXNativeTarget;
			buildConfigurationList = 294F8950210652BC00EF50F1 /* Build configuration list for PBXNativeTarget "SwiftAppTests" */;
			buildPhases = (
				294F8935210652BC00EF50F1 /* Sources */,
				294F8936210652BC00EF50F1 /* Frameworks */,
				294F8937210652BC00EF50F1 /* Resources */,
			);
			buildRules = (
			);
			dependencies = (
				294F893B210652BC00EF50F1 /* PBXTargetDependency */,
			);
			name = SwiftAppTests;
			productName = SwiftAppTests;
			productReference = 294F8939210652BC00EF50F1 /* SwiftAppTests.xctest */;
			productType = "com.apple.product-type.bundle.unit-test";
		};
		294F8943210652BC00EF50F1 /* SwiftAppUITests */ = {
			isa = PBXNativeTarget;
			buildConfigurationList = 294F8953210652BC00EF50F1 /* Build configuration list for PBXNativeTarget "SwiftAppUITests" */;
			buildPhases = (
				294F8940210652BC00EF50F1 /* Sources */,
				294F8941210652BC00EF50F1 /* Frameworks */,
				294F8942210652BC00EF50F1 /* Resources */,
			);
			buildRules = (
			);
			dependencies = (
				294F8946210652BC00EF50F1 /* PBXTargetDependency */,
			);
			name = SwiftAppUITests;
			productName = SwiftAppUITests;
			productReference = 294F8944210652BC00EF50F1 /* SwiftAppUITests.xctest */;
			productType = "com.apple.product-type.bundle.ui-testing";
		};
/* End PBXNativeTarget section */

/* Begin PBXProject section */
		294F891D210652BB00EF50F1 /* Project object */ = {
			isa = PBXProject;
			attributes = {
				LastSwiftUpdateCheck = 0940;
				LastUpgradeCheck = 0940;
				ORGANIZATIONNAME = "Harshini Lakshmi";
				TargetAttributes = {
					294F8924210652BB00EF50F1 = {
						CreatedOnToolsVersion = 9.4.1;
					};
					294F8938210652BC00EF50F1 = {
						CreatedOnToolsVersion = 9.4.1;
						TestTargetID = 294F8924210652BB00EF50F1;
					};
					294F8943210652BC00EF50F1 = {
						CreatedOnToolsVersion = 9.4.1;
						TestTargetID = 294F8924210652BB00EF50F1;
					};
				};
			};
			buildConfigurationList = 294F8920210652BB00EF50F1 /* Build configuration list for PBXProject "SwiftApp" */;
			compatibilityVersion = "Xcode 9.3";
			developmentRegion = en;
			hasScannedForEncodings = 0;
			knownRegions = (
				en,
				Base,
			);
			mainGroup = 294F891C210652BB00EF50F1;
			productRefGroup = 294F8926210652BB00EF50F1 /* Products */;
			projectDirPath = "";
			projectRoot = "";
			targets = (
				294F8924210652BB00EF50F1 /* SwiftApp */,
				294F8938210652BC00EF50F1 /* SwiftAppTests */,
				294F8943210652BC00EF50F1 /* SwiftAppUITests */,
			);
		};
/* End PBXProject section */

/* Begin PBXResourcesBuildPhase section */
		294F8923210652BB00EF50F1 /* Resources */ = {
			isa = PBXResourcesBuildPhase;
			buildActionMask = 2147483647;
			files = (
				294F8933210652BC00EF50F1 /* LaunchScreen.storyboard in Resources */,
				294F8930210652BC00EF50F1 /* Assets.xcassets in Resources */,
				294F892E210652BB00EF50F1 /* Main.storyboard in Resources */,
			);
			runOnlyForDeploymentPostprocessing = 0;
		};
		294F8937210652BC00EF50F1 /* Resources */ = {
			isa = PBXResourcesBuildPhase;
			buildActionMask = 2147483647;
			files = (
			);
			runOnlyForDeploymentPostprocessing = 0;
		};
		294F8942210652BC00EF50F1 /* Resources */ = {
			isa = PBXResourcesBuildPhase;
			buildActionMask = 2147483647;
			files = (
			);
			runOnlyForDeploymentPostprocessing = 0;
		};
/* End PBXResourcesBuildPhase section */

/* Begin PBXSourcesBuildPhase section */
		294F8921210652BB00EF50F1 /* Sources */ = {
			isa = PBXSourcesBuildPhase;
			buildActionMask = 2147483647;
			files = (
				294F892B210652BB00EF50F1 /* ViewController.swift in Sources */,
				294F8929210652BB00EF50F1 /* AppDelegate.swift in Sources */,
			);
			runOnlyForDeploymentPostprocessing = 0;
		};
		294F8935210652BC00EF50F1 /* Sources */ = {
			isa = PBXSourcesBuildPhase;
			buildActionMask = 2147483647;
			files = (
				294F893E210652BC00EF50F1 /* SwiftAppTests.swift in Sources */,
			);
			runOnlyForDeploymentPostprocessing = 0;
		};
		294F8940210652BC00EF50F1 /* Sources */ = {
			isa = PBXSourcesBuildPhase;
			buildActionMask = 2147483647;
			files = (
				294F8949210652BC00EF50F1 /* SwiftAppUITests.swift in Sources */,
			);
			runOnlyForDeploymentPostprocessing = 0;
		};
/* End PBXSourcesBuildPhase section */

/* Begin PBXTargetDependency section */
		294F893B210652BC00EF50F1 /* PBXTargetDependency */ = {
			isa = PBXTargetDependency;
			target = 294F8924210652BB00EF50F1 /* SwiftApp */;
			targetProxy = 294F893A210652BC00EF50F1 /* PBXContainerItemProxy */;
		};
		294F8946210652BC00EF50F1 /* PBXTargetDependency */ = {
			isa = PBXTargetDependency;
			target = 294F8924210652BB00EF50F1 /* SwiftApp */;
			targetProxy = 294F8945210652BC00EF50F1 /* PBXContainerItemProxy */;
		};
/* End PBXTargetDependency section */

/* Begin PBXVariantGroup section */
		294F892C210652BB00EF50F1 /* Main.storyboard */ = {
			isa = PBXVariantGroup;
			children = (
				294F892D210652BB00EF50F1 /* Base */,
			);
			name = Main.storyboard;
			sourceTree = "<group>";
		};
		294F8931210652BC00EF50F1 /* LaunchScreen.storyboard */ = {
			isa = PBXVariantGroup;
			children = (
				294F8932210652BC00EF50F1 /* Base */,
			);
			name = LaunchScreen.storyboard;
			sourceTree = "<group>";
		};
/* End PBXVariantGroup section */

/* Begin XCBuildConfiguration section */
		294F894B210652BC00EF50F1 /* Debug */ = {
			isa = XCBuildConfiguration;
			buildSettings = {
				ALWAYS_SEARCH_USER_PATHS = NO;
				CLANG_ANALYZER_NONNULL = YES;
				CLANG_ANALYZER_NUMBER_OBJECT_CONVERSION = YES_AGGRESSIVE;
				CLANG_CXX_LANGUAGE_STANDARD = "gnu++14";
				CLANG_CXX_LIBRARY = "libc++";
				CLANG_ENABLE_MODULES = YES;
				CLANG_ENABLE_OBJC_ARC = YES;
				CLANG_ENABLE_OBJC_WEAK = YES;
				CLANG_WARN_BLOCK_CAPTURE_AUTORELEASING = YES;
				CLANG_WARN_BOOL_CONVERSION = YES;
				CLANG_WARN_COMMA = YES;
				CLANG_WARN_CONSTANT_CONVERSION = YES;
				CLANG_WARN_DEPRECATED_OBJC_IMPLEMENTATIONS = YES;
				CLANG_WARN_DIRECT_OBJC_ISA_USAGE = YES_ERROR;
				CLANG_WARN_DOCUMENTATION_COMMENTS = YES;
				CLANG_WARN_EMPTY_BODY = YES;
				CLANG_WARN_ENUM_CONVERSION = YES;
				CLANG_WARN_INFINITE_RECURSION = YES;
				CLANG_WARN_INT_CONVERSION = YES;
				CLANG_WARN_NON_LITERAL_NULL_CONVERSION = YES;
				CLANG_WARN_OBJC_IMPLICIT_RETAIN_SELF = YES;
				CLANG_WARN_OBJC_LITERAL_CONVERSION = YES;
				CLANG_WARN_OBJC_ROOT_CLASS = YES_ERROR;
				CLANG_WARN_RANGE_LOOP_ANALYSIS = YES;
				CLANG_WARN_STRICT_PROTOTYPES = YES;
				CLANG_WARN_SUSPICIOUS_MOVE = YES;
				CLANG_WARN_UNGUARDED_AVAILABILITY = YES_AGGRESSIVE;
				CLANG_WARN_UNREACHABLE_CODE = YES;
				CLANG_WARN__DUPLICATE_METHOD_MATCH = YES;
				CODE_SIGN_IDENTITY = "iPhone Developer";
				COPY_PHASE_STRIP = NO;
				DEBUG_INFORMATION_FORMAT = dwarf;
				ENABLE_STRICT_OBJC_MSGSEND = YES;
				ENABLE_TESTABILITY = YES;
				GCC_C_LANGUAGE_STANDARD = gnu11;
				GCC_DYNAMIC_NO_PIC = NO;
				GCC_NO_COMMON_BLOCKS = YES;
				GCC_OPTIMIZATION_LEVEL = 0;
				GCC_PREPROCESSOR_DEFINITIONS = (
					"DEBUG=1",
					"$(inherited)",
				);
				GCC_WARN_64_TO_32_BIT_CONVERSION = YES;
				GCC_WARN_ABOUT_RETURN_TYPE = YES_ERROR;
				GCC_WARN_UNDECLARED_SELECTOR = YES;
				GCC_WARN_UNINITIALIZED_AUTOS = YES_AGGRESSIVE;
				GCC_WARN_UNUSED_FUNCTION = YES;
				GCC_WARN_UNUSED_VARIABLE = YES;
				IPHONEOS_DEPLOYMENT_TARGET = 11.4;
				MTL_ENABLE_DEBUG_INFO = YES;
				ONLY_ACTIVE_ARCH = YES;
				SDKROOT = iphoneos;
				SWIFT_ACTIVE_COMPILATION_CONDITIONS = DEBUG;
				SWIFT_OPTIMIZATION_LEVEL = "-Onone";
			};
			name = Debug;
		};
		294F894C210652BC00EF50F1 /* Release */ = {
			isa = XCBuildConfiguration;
			buildSettings = {
				ALWAYS_SEARCH_USER_PATHS = NO;
				CLANG_ANALYZER_NONNULL = YES;
				CLANG_ANALYZER_NUMBER_OBJECT_CONVERSION = YES_AGGRESSIVE;
				CLANG_CXX_LANGUAGE_STANDARD = "gnu++14";
				CLANG_CXX_LIBRARY = "libc++";
				CLANG_ENABLE_MODULES = YES;
				CLANG_ENABLE_OBJC_ARC = YES;
				CLANG_ENABLE_OBJC_WEAK = YES;
				CLANG_WARN_BLOCK_CAPTURE_AUTORELEASING = YES;
				CLANG_WARN_BOOL_CONVERSION = YES;
				CLANG_WARN_COMMA = YES;
				CLANG_WARN_CONSTANT_CONVERSION = YES;
				CLANG_WARN_DEPRECATED_OBJC_IMPLEMENTATIONS = YES;
				CLANG_WARN_DIRECT_OBJC_ISA_USAGE = YES_ERROR;
				CLANG_WARN_DOCUMENTATION_COMMENTS = YES;
				CLANG_WARN_EMPTY_BODY = YES;
				CLANG_WARN_ENUM_CONVERSION = YES;
				CLANG_WARN_INFINITE_RECURSION = YES;
				CLANG_WARN_INT_CONVERSION = YES;
				CLANG_WARN_NON_LITERAL_NULL_CONVERSION = YES;
				CLANG_WARN_OBJC_IMPLICIT_RETAIN_SELF = YES;
				CLANG_WARN_OBJC_LITERAL_CONVERSION = YES;
				CLANG_WARN_OBJC_ROOT_CLASS = YES_ERROR;
				CLANG_WARN_RANGE_LOOP_ANALYSIS = YES;
				CLANG_WARN_STRICT_PROTOTYPES = YES;
				CLANG_WARN_SUSPICIOUS_MOVE = YES;
				CLANG_WARN_UNGUARDED_AVAILABILITY = YES_AGGRESSIVE;
				CLANG_WARN_UNREACHABLE_CODE = YES;
				CLANG_WARN__DUPLICATE_METHOD_MATCH = YES;
				CODE_SIGN_IDENTITY = "iPhone Developer";
				COPY_PHASE_STRIP = NO;
				DEBUG_INFORMATION_FORMAT = "dwarf-with-dsym";
				ENABLE_NS_ASSERTIONS = NO;
				ENABLE_STRICT_OBJC_MSGSEND = YES;
				GCC_C_LANGUAGE_STANDARD = gnu11;
				GCC_NO_COMMON_BLOCKS = YES;
				GCC_WARN_64_TO_32_BIT_CONVERSION = YES;
				GCC_WARN_ABOUT_RETURN_TYPE = YES_ERROR;
				GCC_WARN_UNDECLARED_SELECTOR = YES;
				GCC_WARN_UNINITIALIZED_AUTOS = YES_AGGRESSIVE;
				GCC_WARN_UNUSED_FUNCTION = YES;
				GCC_WARN_UNUSED_VARIABLE = YES;
				IPHONEOS_DEPLOYMENT_TARGET = 11.4;
				MTL_ENABLE_DEBUG_INFO = NO;
				SDKROOT = iphoneos;
				SWIFT_COMPILATION_MODE = wholemodule;
				SWIFT_OPTIMIZATION_LEVEL = "-O";
				VALIDATE_PRODUCT = YES;
			};
			name = Release;
		};
		294F894E210652BC00EF50F1 /* Debug */ = {
			isa = XCBuildConfiguration;
			buildSettings = {
				ASSETCATALOG_COMPILER_APPICON_NAME = AppIcon;
				CODE_SIGN_STYLE = Automatic;
				INFOPLIST_FILE = SwiftApp/Info.plist;
				LD_RUNPATH_SEARCH_PATHS = (
					"$(inherited)",
					"@executable_path/Frameworks",
				);
				PRODUCT_BUNDLE_IDENTIFIER = com.harshini.SwiftApp;
				PRODUCT_NAME = "$(TARGET_NAME)";
				SWIFT_VERSION = 4.0;
				TARGETED_DEVICE_FAMILY = "1,2";
			};
			name = Debug;
		};
		294F894F210652BC00EF50F1 /* Release */ = {
			isa = XCBuildConfiguration;
			buildSettings = {
				ASSETCATALOG_COMPILER_APPICON_NAME = AppIcon;
				CODE_SIGN_STYLE = Automatic;
				INFOPLIST_FILE = SwiftApp/Info.plist;
				LD_RUNPATH_SEARCH_PATHS = (
					"$(inherited)",
					"@executable_path/Frameworks",
				);
				PRODUCT_BUNDLE_IDENTIFIER = com.harshini.SwiftApp;
				PRODUCT_NAME = "$(TARGET_NAME)";
				SWIFT_VERSION = 4.0;
				TARGETED_DEVICE_FAMILY = "1,2";
			};
			name = Release;
		};
		294F8951210652BC00EF50F1 /* Debug */ = {
			isa = XCBuildConfiguration;
			buildSettings = {
				ALWAYS_EMBED_SWIFT_STANDARD_LIBRARIES = YES;
				BUNDLE_LOADER = "$(TEST_HOST)";
				CODE_SIGN_STYLE = Automatic;
				INFOPLIST_FILE = SwiftAppTests/Info.plist;
				LD_RUNPATH_SEARCH_PATHS = (
					"$(inherited)",
					"@executable_path/Frameworks",
					"@loader_path/Frameworks",
				);
				PRODUCT_BUNDLE_IDENTIFIER = com.harshini.SwiftAppTests;
				PRODUCT_NAME = "$(TARGET_NAME)";
				SWIFT_VERSION = 4.0;
				TARGETED_DEVICE_FAMILY = "1,2";
				TEST_HOST = "$(BUILT_PRODUCTS_DIR)/SwiftApp.app/SwiftApp";
			};
			name = Debug;
		};
		294F8952210652BC00EF50F1 /* Release */ = {
			isa = XCBuildConfiguration;
			buildSettings = {
				ALWAYS_EMBED_SWIFT_STANDARD_LIBRARIES = YES;
				BUNDLE_LOADER = "$(TEST_HOST)";
				CODE_SIGN_STYLE = Automatic;
				INFOPLIST_FILE = SwiftAppTests/Info.plist;
				LD_RUNPATH_SEARCH_PATHS = (
					"$(inherited)",
					"@executable_path/Frameworks",
					"@loader_path/Frameworks",
				);
				PRODUCT_BUNDLE_IDENTIFIER = com.harshini.SwiftAppTests;
				PRODUCT_NAME = "$(TARGET_NAME)";
				SWIFT_VERSION = 4.0;
				TARGETED_DEVICE_FAMILY = "1,2";
				TEST_HOST = "$(BUILT_PRODUCTS_DIR)/SwiftApp.app/SwiftApp";
			};
			name = Release;
		};
		294F8954210652BC00EF50F1 /* Debug */ = {
			isa = XCBuildConfiguration;
			buildSettings = {
				ALWAYS_EMBED_SWIFT_STANDARD_LIBRARIES = YES;
				CODE_SIGN_STYLE = Automatic;
				INFOPLIST_FILE = SwiftAppUITests/Info.plist;
				LD_RUNPATH_SEARCH_PATHS = (
					"$(inherited)",
					"@executable_path/Frameworks",
					"@loader_path/Frameworks",
				);
				PRODUCT_BUNDLE_IDENTIFIER = com.harshini.SwiftAppUITests;
				PRODUCT_NAME = "$(TARGET_NAME)";
				SWIFT_VERSION = 4.0;
				TARGETED_DEVICE_FAMILY = "1,2";
				TEST_TARGET_NAME = SwiftApp;
			};
			name = Debug;
		};
		294F8955210652BC00EF50F1 /* Release */ = {
			isa = XCBuildConfiguration;
			buildSettings = {
				ALWAYS_EMBED_SWIFT_STANDARD_LIBRARIES = YES;
				CODE_SIGN_STYLE = Automatic;
				INFOPLIST_FILE = SwiftAppUITests/Info.plist;
				LD_RUNPATH_SEARCH_PATHS = (
					"$(inherited)",
					"@executable_path/Frameworks",
					"@loader_path/Frameworks",
				);
				PRODUCT_BUNDLE_IDENTIFIER = com.harshini.SwiftAppUITests;
				PRODUCT_NAME = "$(TARGET_NAME)";
				SWIFT_VERSION = 4.0;
				TARGETED_DEVICE_FAMILY = "1,2";
				TEST_TARGET_NAME = SwiftApp;
			};
			name = Release;
		};
/* End XCBuildConfiguration section */

/* Begin XCConfigurationList section */
		294F8920210652BB00EF50F1 /* Build configuration list for PBXProject "SwiftApp" */ = {
			isa = XCConfigurationList;
			buildConfigurations = (
				294F894B210652BC00EF50F1 /* Debug */,
				294F894C210652BC00EF50F1 /* Release */,
			);
			defaultConfigurationIsVisible = 0;
			defaultConfigurationName = Release;
		};
		294F894D210652BC00EF50F1 /* Build configuration list for PBXNativeTarget "SwiftApp" */ = {
			isa = XCConfigurationList;
			buildConfigurations = (
				294F894E210652BC00EF50F1 /* Debug */,
				294F894F210652BC00EF50F1 /* Release */,
			);
			defaultConfigurationIsVisible = 0;
			defaultConfigurationName = Release;
		};
		294F8950210652BC00EF50F1 /* Build configuration list for PBXNativeTarget "SwiftAppTests" */ = {
			isa = XCConfigurationList;
			buildConfigurations = (
				294F8951210652BC00EF50F1 /* Debug */,
				294F8952210652BC00EF50F1 /* Release */,
			);
			defaultConfigurationIsVisible = 0;
			defaultConfigurationName = Release;
		};
		294F8953210652BC00EF50F1 /* Build configuration list for PBXNativeTarget "SwiftAppUITests" */ = {
			isa = XCConfigurationList;
			buildConfigurations = (
				294F8954210652BC00EF50F1 /* Debug */,
				294F8955210652BC00EF50F1 /* Release */,
			);
			defaultConfigurationIsVisible = 0;
			defaultConfigurationName = Release;
		};
/* End XCConfigurationList section */
	};
	rootObject = 294F891D210652BB00EF50F1 /* Project object */;
}
